# This file is automatically @generated by Cargo.
# It is not intended for manual editing.
version = 3

[[package]]
name = "libaitfoaq-rpi-controller"
version = "0.1.0"
dependencies = [
 "rppal",
]

[[package]]
name = "libc"
version = "0.2.153"
source = "registry+https://github.com/rust-lang/crates.io-index"
checksum = "9c198f91728a82281a64e1f4f9eeb25d82cb32a5de251c6bd1b5154d63a8e7bd"

[[package]]
name = "rppal"
version = "0.17.1"
source = "registry+https://github.com/rust-lang/crates.io-index"
checksum = "1dc171bbe325b04172e18d917c58c2cf1fb5adfd9ffabb1d6b3d62ba4c1c1331"
dependencies = [
 "libc",
]
